
Microsoft Visual Studio Solution File, Format Version 10.00
# Visual Studio 2008
Project("{FAE04EC0-301F-11D3-BF4B-00C04F79EFBC}") = "SqlServer.AgentObserver", "SqlServer.AgentObserver.csproj", "{38751F48-DE1E-4E38-BFAE-C617ADB123AB}"
EndProject
Global
	GlobalSection(SolutionConfigurationPlatforms) = preSolution
		Debug|Any CPU = Debug|Any CPU
		Release|Any CPU = Release|Any CPU
	EndGlobalSection
	GlobalSection(ProjectConfigurationPlatforms) = postSolution
		{38751F48-DE1E-4E38-BFAE-C617ADB123AB}.Debug|Any CPU.ActiveCfg = Debug|Any CPU
		{38751F48-DE1E-4E38-BFAE-C617ADB123AB}.Debug|Any CPU.Build.0 = Debug|Any CPU
		{38751F48-DE1E-4E38-BFAE-C617ADB123AB}.Release|Any CPU.ActiveCfg = Release|Any CPU
		{38751F48-DE1E-4E38-BFAE-C617ADB123AB}.Release|Any CPU.Build.0 = Release|Any CPU
	EndGlobalSection
	GlobalSection(SolutionProperties) = preSolution
		HideSolutionNode = FALSE
	EndGlobalSection
EndGlobal
